
Microsoft Visual Studio Solution File, Format Version 12.00
# Visual Studio Version 17
VisualStudioVersion = 17.5.33209.295
MinimumVisualStudioVersion = 10.0.40219.1
Project("{FAE04EC0-301F-11D3-BF4B-00C04F79EFBC}") = "WebApplication4", "WebApplication4.csproj", "{360ABA7B-03D6-4880-A310-CE17FE056C73}"
EndProject
Global
	GlobalSection(SolutionConfigurationPlatforms) = preSolution
		Debug|Any CPU = Debug|Any CPU
		Release|Any CPU = Release|Any CPU
	EndGlobalSection
	GlobalSection(ProjectConfigurationPlatforms) = postSolution
		{360ABA7B-03D6-4880-A310-CE17FE056C73}.Debug|Any CPU.ActiveCfg = Debug|Any CPU
		{360ABA7B-03D6-4880-A310-CE17FE056C73}.Debug|Any CPU.Build.0 = Debug|Any CPU
		{360ABA7B-03D6-4880-A310-CE17FE056C73}.Release|Any CPU.ActiveCfg = Release|Any CPU
		{360ABA7B-03D6-4880-A310-CE17FE056C73}.Release|Any CPU.Build.0 = Release|Any CPU
	EndGlobalSection
	GlobalSection(SolutionProperties) = preSolution
		HideSolutionNode = FALSE
	EndGlobalSection
	GlobalSection(ExtensibilityGlobals) = postSolution
		SolutionGuid = {D4B75E7F-A780-4470-BC2B-34FE66D29C67}
	EndGlobalSection
EndGlobal
